
Microsoft Visual Studio Solution File, Format Version 12.00
# Visual Studio 14
VisualStudioVersion = 14.0.24720.0
MinimumVisualStudioVersion = 10.0.40219.1
Project("{FAE04EC0-301F-11D3-BF4B-00C04F79EFBC}") = "View", "View\View.csproj", "{D95E702C-C960-4DD1-B8AF-DEA9E68E3311}"
EndProject
Project("{FAE04EC0-301F-11D3-BF4B-00C04F79EFBC}") = "ViewModel", "ViewModel\ViewModel.csproj", "{908B90EC-1DE9-4D23-81E5-7B58298FE68E}"
EndProject
Project("{FAE04EC0-301F-11D3-BF4B-00C04F79EFBC}") = "Model", "Model\Model.csproj", "{B0A982E4-3170-4F79-B799-D6D1A159395A}"
EndProject
Global
	GlobalSection(SolutionConfigurationPlatforms) = preSolution
		Debug|Any CPU = Debug|Any CPU
		Release|Any CPU = Release|Any CPU
	EndGlobalSection
	GlobalSection(ProjectConfigurationPlatforms) = postSolution
		{D95E702C-C960-4DD1-B8AF-DEA9E68E3311}.Debug|Any CPU.ActiveCfg = Debug|Any CPU
		{D95E702C-C960-4DD1-B8AF-DEA9E68E3311}.Debug|Any CPU.Build.0 = Debug|Any CPU
		{D95E702C-C960-4DD1-B8AF-DEA9E68E3311}.Release|Any CPU.ActiveCfg = Release|Any CPU
		{D95E702C-C960-4DD1-B8AF-DEA9E68E3311}.Release|Any CPU.Build.0 = Release|Any CPU
		{908B90EC-1DE9-4D23-81E5-7B58298FE68E}.Debug|Any CPU.ActiveCfg = Debug|Any CPU
		{908B90EC-1DE9-4D23-81E5-7B58298FE68E}.Debug|Any CPU.Build.0 = Debug|Any CPU
		{908B90EC-1DE9-4D23-81E5-7B58298FE68E}.Release|Any CPU.ActiveCfg = Release|Any CPU
		{908B90EC-1DE9-4D23-81E5-7B58298FE68E}.Release|Any CPU.Build.0 = Release|Any CPU
		{B0A982E4-3170-4F79-B799-D6D1A159395A}.Debug|Any CPU.ActiveCfg = Debug|Any CPU
		{B0A982E4-3170-4F79-B799-D6D1A159395A}.Debug|Any CPU.Build.0 = Debug|Any CPU
		{B0A982E4-3170-4F79-B799-D6D1A159395A}.Release|Any CPU.ActiveCfg = Release|Any CPU
		{B0A982E4-3170-4F79-B799-D6D1A159395A}.Release|Any CPU.Build.0 = Release|Any CPU
	EndGlobalSection
	GlobalSection(SolutionProperties) = preSolution
		HideSolutionNode = FALSE
	EndGlobalSection
EndGlobal
